
Microsoft Visual Studio Solution File, Format Version 12.00
# Visual Studio Version 17
VisualStudioVersion = 17.14.36401.2
MinimumVisualStudioVersion = 10.0.40219.1
Project("{FAE04EC0-301F-11D3-BF4B-00C04F79EFBC}") = "CupGenerator", "CupGen\CupGenerator.csproj", "{66D20680-A410-4115-AAA6-3BD4D20A7908}"
	ProjectSection(ProjectDependencies) = postProject
		{55011182-B58C-4922-8224-6238086ED485} = {55011182-B58C-4922-8224-6238086ED485}
		{C43F053D-528E-46CE-9D8B-507E91DA959B} = {C43F053D-528E-46CE-9D8B-507E91DA959B}
		{C8746164-31F6-416D-94A5-9A7E8EACD812} = {C8746164-31F6-416D-94A5-9A7E8EACD812}
	EndProjectSection
EndProject
Project("{8BC9CEB8-8B4A-11D0-8D11-00A0C91BC942}") = "RVGLAutoInjector", "CupGen.Injector\CupGen.Injector.vcxproj", "{C8746164-31F6-416D-94A5-9A7E8EACD812}"
EndProject
Project("{8BC9CEB8-8B4A-11D0-8D11-00A0C91BC942}") = "RVGLCupOpponents", "CupGen.ModDLL\CupGenModDLL.vcxproj", "{C43F053D-528E-46CE-9D8B-507E91DA959B}"
EndProject
Project("{8BC9CEB8-8B4A-11D0-8D11-00A0C91BC942}") = "RvglSigHelper", "RvglSigHelper\RvglSigHelper.vcxproj", "{55011182-B58C-4922-8224-6238086ED485}"
EndProject
Project("{2150E333-8FDC-42A3-9474-1A3956D46DE8}") = "Solution Items", "Solution Items", "{8EC462FD-D22E-90A8-E5CE-7E832BA40C5D}"
	ProjectSection(SolutionItems) = preProject
		common\hook_addrs.h = common\hook_addrs.h
	EndProjectSection
EndProject
Global
	GlobalSection(SolutionConfigurationPlatforms) = preSolution
		Debug|Any CPU = Debug|Any CPU
		Debug|ARM64 = Debug|ARM64
		Debug|x64 = Debug|x64
		Debug|x86 = Debug|x86
		Release|Any CPU = Release|Any CPU
		Release|ARM64 = Release|ARM64
		Release|x64 = Release|x64
		Release|x86 = Release|x86
	EndGlobalSection
	GlobalSection(ProjectConfigurationPlatforms) = postSolution
		{66D20680-A410-4115-AAA6-3BD4D20A7908}.Debug|Any CPU.ActiveCfg = Debug|Any CPU
		{66D20680-A410-4115-AAA6-3BD4D20A7908}.Debug|Any CPU.Build.0 = Debug|Any CPU
		{66D20680-A410-4115-AAA6-3BD4D20A7908}.Debug|ARM64.ActiveCfg = Debug|Any CPU
		{66D20680-A410-4115-AAA6-3BD4D20A7908}.Debug|ARM64.Build.0 = Debug|Any CPU
		{66D20680-A410-4115-AAA6-3BD4D20A7908}.Debug|x64.ActiveCfg = Debug|Any CPU
		{66D20680-A410-4115-AAA6-3BD4D20A7908}.Debug|x64.Build.0 = Debug|Any CPU
		{66D20680-A410-4115-AAA6-3BD4D20A7908}.Debug|x86.ActiveCfg = Debug|Any CPU
		{66D20680-A410-4115-AAA6-3BD4D20A7908}.Debug|x86.Build.0 = Debug|Any CPU
		{66D20680-A410-4115-AAA6-3BD4D20A7908}.Release|Any CPU.ActiveCfg = Release|Any CPU
		{66D20680-A410-4115-AAA6-3BD4D20A7908}.Release|Any CPU.Build.0 = Release|Any CPU
		{66D20680-A410-4115-AAA6-3BD4D20A7908}.Release|ARM64.ActiveCfg = Release|Any CPU
		{66D20680-A410-4115-AAA6-3BD4D20A7908}.Release|ARM64.Build.0 = Release|Any CPU
		{66D20680-A410-4115-AAA6-3BD4D20A7908}.Release|x64.ActiveCfg = Release|Any CPU
		{66D20680-A410-4115-AAA6-3BD4D20A7908}.Release|x64.Build.0 = Release|Any CPU
		{66D20680-A410-4115-AAA6-3BD4D20A7908}.Release|x86.ActiveCfg = Release|Any CPU
		{66D20680-A410-4115-AAA6-3BD4D20A7908}.Release|x86.Build.0 = Release|Any CPU
		{C8746164-31F6-416D-94A5-9A7E8EACD812}.Debug|Any CPU.ActiveCfg = Debug|x64
		{C8746164-31F6-416D-94A5-9A7E8EACD812}.Debug|Any CPU.Build.0 = Debug|x64
		{C8746164-31F6-416D-94A5-9A7E8EACD812}.Debug|ARM64.ActiveCfg = Debug|ARM64
		{C8746164-31F6-416D-94A5-9A7E8EACD812}.Debug|ARM64.Build.0 = Debug|ARM64
		{C8746164-31F6-416D-94A5-9A7E8EACD812}.Debug|x64.ActiveCfg = Debug|x64
		{C8746164-31F6-416D-94A5-9A7E8EACD812}.Debug|x64.Build.0 = Debug|x64
		{C8746164-31F6-416D-94A5-9A7E8EACD812}.Debug|x86.ActiveCfg = Debug|Win32
		{C8746164-31F6-416D-94A5-9A7E8EACD812}.Debug|x86.Build.0 = Debug|Win32
		{C8746164-31F6-416D-94A5-9A7E8EACD812}.Release|Any CPU.ActiveCfg = Release|x64
		{C8746164-31F6-416D-94A5-9A7E8EACD812}.Release|Any CPU.Build.0 = Release|x64
		{C8746164-31F6-416D-94A5-9A7E8EACD812}.Release|ARM64.ActiveCfg = Release|ARM64
		{C8746164-31F6-416D-94A5-9A7E8EACD812}.Release|ARM64.Build.0 = Release|ARM64
		{C8746164-31F6-416D-94A5-9A7E8EACD812}.Release|x64.ActiveCfg = Release|x64
		{C8746164-31F6-416D-94A5-9A7E8EACD812}.Release|x64.Build.0 = Release|x64
		{C8746164-31F6-416D-94A5-9A7E8EACD812}.Release|x86.ActiveCfg = Release|Win32
		{C8746164-31F6-416D-94A5-9A7E8EACD812}.Release|x86.Build.0 = Release|Win32
		{C43F053D-528E-46CE-9D8B-507E91DA959B}.Debug|Any CPU.ActiveCfg = Debug|x64
		{C43F053D-528E-46CE-9D8B-507E91DA959B}.Debug|Any CPU.Build.0 = Debug|x64
		{C43F053D-528E-46CE-9D8B-507E91DA959B}.Debug|ARM64.ActiveCfg = Debug|ARM64
		{C43F053D-528E-46CE-9D8B-507E91DA959B}.Debug|ARM64.Build.0 = Debug|ARM64
		{C43F053D-528E-46CE-9D8B-507E91DA959B}.Debug|x64.ActiveCfg = Debug|x64
		{C43F053D-528E-46CE-9D8B-507E91DA959B}.Debug|x64.Build.0 = Debug|x64
		{C43F053D-528E-46CE-9D8B-507E91DA959B}.Debug|x86.ActiveCfg = Debug|Win32
		{C43F053D-528E-46CE-9D8B-507E91DA959B}.Debug|x86.Build.0 = Debug|Win32
		{C43F053D-528E-46CE-9D8B-507E91DA959B}.Release|Any CPU.ActiveCfg = Release|x64
		{C43F053D-528E-46CE-9D8B-507E91DA959B}.Release|Any CPU.Build.0 = Release|x64
		{C43F053D-528E-46CE-9D8B-507E91DA959B}.Release|ARM64.ActiveCfg = Release|ARM64
		{C43F053D-528E-46CE-9D8B-507E91DA959B}.Release|ARM64.Build.0 = Release|ARM64
		{C43F053D-528E-46CE-9D8B-507E91DA959B}.Release|x64.ActiveCfg = Release|x64
		{C43F053D-528E-46CE-9D8B-507E91DA959B}.Release|x64.Build.0 = Release|x64
		{C43F053D-528E-46CE-9D8B-507E91DA959B}.Release|x86.ActiveCfg = Release|Win32
		{C43F053D-528E-46CE-9D8B-507E91DA959B}.Release|x86.Build.0 = Release|Win32
		{55011182-B58C-4922-8224-6238086ED485}.Debug|Any CPU.ActiveCfg = Debug|x64
		{55011182-B58C-4922-8224-6238086ED485}.Debug|Any CPU.Build.0 = Debug|x64
		{55011182-B58C-4922-8224-6238086ED485}.Debug|ARM64.ActiveCfg = Debug|ARM64
		{55011182-B58C-4922-8224-6238086ED485}.Debug|ARM64.Build.0 = Debug|ARM64
		{55011182-B58C-4922-8224-6238086ED485}.Debug|x64.ActiveCfg = Debug|x64
		{55011182-B58C-4922-8224-6238086ED485}.Debug|x64.Build.0 = Debug|x64
		{55011182-B58C-4922-8224-6238086ED485}.Debug|x86.ActiveCfg = Debug|Win32
		{55011182-B58C-4922-8224-6238086ED485}.Debug|x86.Build.0 = Debug|Win32
		{55011182-B58C-4922-8224-6238086ED485}.Release|Any CPU.ActiveCfg = Release|x64
		{55011182-B58C-4922-8224-6238086ED485}.Release|Any CPU.Build.0 = Release|x64
		{55011182-B58C-4922-8224-6238086ED485}.Release|ARM64.ActiveCfg = Release|ARM64
		{55011182-B58C-4922-8224-6238086ED485}.Release|ARM64.Build.0 = Release|ARM64
		{55011182-B58C-4922-8224-6238086ED485}.Release|x64.ActiveCfg = Release|x64
		{55011182-B58C-4922-8224-6238086ED485}.Release|x64.Build.0 = Release|x64
		{55011182-B58C-4922-8224-6238086ED485}.Release|x86.ActiveCfg = Release|Win32
		{55011182-B58C-4922-8224-6238086ED485}.Release|x86.Build.0 = Release|Win32
	EndGlobalSection
	GlobalSection(SolutionProperties) = preSolution
		HideSolutionNode = FALSE
	EndGlobalSection
	GlobalSection(ExtensibilityGlobals) = postSolution
		SolutionGuid = {438E8267-971F-4DBD-975D-27BD6672D2CB}
	EndGlobalSection
EndGlobal
